
Microsoft Visual Studio Solution File, Format Version 12.00
# Visual Studio Version 16
VisualStudioVersion = 16.0.30907.101
MinimumVisualStudioVersion = 10.0.40219.1
Project("{FAE04EC0-301F-11D3-BF4B-00C04F79EFBC}") = "netcorewebapi", "netcorewebapi\netcorewebapi.csproj", "{FDC00882-3CC0-45ED-9ABF-29401CDDF556}"
EndProject
Global
	GlobalSection(SolutionConfigurationPlatforms) = preSolution
		Debug|Any CPU = Debug|Any CPU
		Release|Any CPU = Release|Any CPU
	EndGlobalSection
	GlobalSection(ProjectConfigurationPlatforms) = postSolution
		{FDC00882-3CC0-45ED-9ABF-29401CDDF556}.Debug|Any CPU.ActiveCfg = Debug|Any CPU
		{FDC00882-3CC0-45ED-9ABF-29401CDDF556}.Debug|Any CPU.Build.0 = Debug|Any CPU
		{FDC00882-3CC0-45ED-9ABF-29401CDDF556}.Release|Any CPU.ActiveCfg = Release|Any CPU
		{FDC00882-3CC0-45ED-9ABF-29401CDDF556}.Release|Any CPU.Build.0 = Release|Any CPU
	EndGlobalSection
	GlobalSection(SolutionProperties) = preSolution
		HideSolutionNode = FALSE
	EndGlobalSection
	GlobalSection(ExtensibilityGlobals) = postSolution
		SolutionGuid = {397351E1-4902-43D5-9E93-5963B2F4C565}
	EndGlobalSection
EndGlobal
